
Microsoft Visual Studio Solution File, Format Version 12.00
# Visual Studio Version 17
VisualStudioVersion = 17.14.36623.8
MinimumVisualStudioVersion = 10.0.40219.1
Project("{FAE04EC0-301F-11D3-BF4B-00C04F79EFBC}") = "Todo", "Todo\Todo.csproj", "{CFB7CD2C-B54F-43C3-A73E-66C014ED335C}"
EndProject
Project("{FAE04EC0-301F-11D3-BF4B-00C04F79EFBC}") = "Entities", "Entities\Entities.csproj", "{10C3E672-A74A-4B2F-8750-770823D29739}"
	ProjectSection(ProjectDependencies) = postProject
		{CFB7CD2C-B54F-43C3-A73E-66C014ED335C} = {CFB7CD2C-B54F-43C3-A73E-66C014ED335C}
	EndProjectSection
EndProject
Global
	GlobalSection(SolutionConfigurationPlatforms) = preSolution
		Debug|Any CPU = Debug|Any CPU
		Release|Any CPU = Release|Any CPU
	EndGlobalSection
	GlobalSection(ProjectConfigurationPlatforms) = postSolution
		{CFB7CD2C-B54F-43C3-A73E-66C014ED335C}.Debug|Any CPU.ActiveCfg = Debug|Any CPU
		{CFB7CD2C-B54F-43C3-A73E-66C014ED335C}.Debug|Any CPU.Build.0 = Debug|Any CPU
		{CFB7CD2C-B54F-43C3-A73E-66C014ED335C}.Release|Any CPU.ActiveCfg = Release|Any CPU
		{CFB7CD2C-B54F-43C3-A73E-66C014ED335C}.Release|Any CPU.Build.0 = Release|Any CPU
		{10C3E672-A74A-4B2F-8750-770823D29739}.Debug|Any CPU.ActiveCfg = Debug|Any CPU
		{10C3E672-A74A-4B2F-8750-770823D29739}.Debug|Any CPU.Build.0 = Debug|Any CPU
		{10C3E672-A74A-4B2F-8750-770823D29739}.Release|Any CPU.ActiveCfg = Release|Any CPU
		{10C3E672-A74A-4B2F-8750-770823D29739}.Release|Any CPU.Build.0 = Release|Any CPU
	EndGlobalSection
	GlobalSection(SolutionProperties) = preSolution
		HideSolutionNode = FALSE
	EndGlobalSection
	GlobalSection(ExtensibilityGlobals) = postSolution
		SolutionGuid = {33FB7008-195E-4FA5-83E1-D786DD8BC3D5}
	EndGlobalSection
EndGlobal
